{
  "name": "ssb-relay",
  "version": "1.0.0",
  "lockfileVersion": 3,
  "requires": true,
  "packages": {
    "": {
      "name": "ssb-relay",
      "version": "1.0.0",
      "license": "GPLv3",
      "dependencies": {
        "@types/express-session": "^1.17.6",
        "cookie-parser": "^1.4.6",
        "express": "^4.18.2",
        "express-session": "^1.17.3",
        "multiserver": "^3.3.1",
        "multiserver-address": "^1.0.1",
        "mustache-express": "^1.3.2",
        "secret-stack": "^6.3.1",
        "ssb-caps": "^1.0.1",
        "ssb-client": "^4.7.9",
        "ssb-config": "^3.4.6",
        "ssb-invite": "^3.0.1",
        "ssb-logging": "^1.0.0",
        "ssb-master": "^1.0.2",
        "ssb-private1": "^1.0.1",
        "ssb-ref": "^2.13.9",
        "ssb-ws": "^6.2.3",
        "svg-captcha": "^1.4.0"
      },
      "devDependencies": {
        "@types/express": "^4.17.17",
        "typescript": "^4.9.5"
      }
    },
    "node_modules/@types/body-parser": {
      "version": "1.19.2",
      "license": "MIT",
      "dependencies": {
        "@types/connect": "*",
        "@types/node": "*"
      }
    },
    "node_modules/@types/connect": {
      "version": "3.4.35",
      "license": "MIT",
      "dependencies": {
        "@types/node": "*"
      }
    },
    "node_modules/@types/express": {
      "version": "4.17.17",
      "license": "MIT",
      "dependencies": {
        "@types/body-parser": "*",
        "@types/express-serve-static-core": "^4.17.33",
        "@types/qs": "*",
        "@types/serve-static": "*"
      }
    },
    "node_modules/@types/express-serve-static-core": {
      "version": "4.17.33",
      "license": "MIT",
      "dependencies": {
        "@types/node": "*",
        "@types/qs": "*",
        "@types/range-parser": "*"
      }
    },
    "node_modules/@types/express-session": {
      "version": "1.17.6",
      "license": "MIT",
      "dependencies": {
        "@types/express": "*"
      }
    },
    "node_modules/@types/mime": {
      "version": "3.0.1",
      "license": "MIT"
    },
    "node_modules/@types/node": {
      "version": "18.15.1",
      "license": "MIT"
    },
    "node_modules/@types/qs": {
      "version": "6.9.7",
      "license": "MIT"
    },
    "node_modules/@types/range-parser": {
      "version": "1.2.4",
      "license": "MIT"
    },
    "node_modules/@types/serve-static": {
      "version": "1.15.1",
      "license": "MIT",
      "dependencies": {
        "@types/mime": "*",
        "@types/node": "*"
      }
    },
    "node_modules/accepts": {
      "version": "1.3.8",
      "license": "MIT",
      "dependencies": {
        "mime-types": "~2.1.34",
        "negotiator": "0.6.3"
      },
      "engines": {
        "node": ">= 0.6"
      }
    },
    "node_modules/array-flatten": {
      "version": "1.1.1",
      "license": "MIT"
    },
    "node_modules/async": {
      "version": "3.2.4",
      "license": "MIT"
    },
    "node_modules/base64-js": {
      "version": "1.5.1",
      "funding": [
        {
          "type": "github",
          "url": "https://github.com/sponsors/feross"
        },
        {
          "type": "patreon",
          "url": "https://www.patreon.com/feross"
        },
        {
          "type": "consulting",
          "url": "https://feross.org/support"
        }
      ],
      "license": "MIT"
    },
    "node_modules/bash-color": {
      "version": "0.0.4",
      "license": "MIT"
    },
    "node_modules/body-parser": {
      "version": "1.20.1",
      "license": "MIT",
      "dependencies": {
        "bytes": "3.1.2",
        "content-type": "~1.0.4",
        "debug": "2.6.9",
        "depd": "2.0.0",
        "destroy": "1.2.0",
        "http-errors": "2.0.0",
        "iconv-lite": "0.4.24",
        "on-finished": "2.4.1",
        "qs": "6.11.0",
        "raw-body": "2.5.1",
        "type-is": "~1.6.18",
        "unpipe": "1.0.0"
      },
      "engines": {
        "node": ">= 0.8",
        "npm": "1.2.8000 || >= 1.4.16"
      }
    },
    "node_modules/buffer": {
      "version": "5.7.1",
      "funding": [
        {
          "type": "github",
          "url": "https://github.com/sponsors/feross"
        },
        {
          "type": "patreon",
          "url": "https://www.patreon.com/feross"
        },
        {
          "type": "consulting",
          "url": "https://feross.org/support"
        }
      ],
      "license": "MIT",
      "dependencies": {
        "base64-js": "^1.3.1",
        "ieee754": "^1.1.13"
      }
    },
    "node_modules/bytes": {
      "version": "3.1.2",
      "license": "MIT",
      "engines": {
        "node": ">= 0.8"
      }
    },
    "node_modules/call-bind": {
      "version": "1.0.2",
      "license": "MIT",
      "dependencies": {
        "function-bind": "^1.1.1",
        "get-intrinsic": "^1.0.2"
      },
      "funding": {
        "url": "https://github.com/sponsors/ljharb"
      }
    },
    "node_modules/chloride": {
      "version": "2.4.1",
      "license": "MIT",
      "dependencies": {
        "sodium-browserify": "^1.2.7",
        "sodium-browserify-tweetnacl": "^0.2.5",
        "sodium-chloride": "^1.1.2"
      },
      "optionalDependencies": {
        "sodium-native": "^3.0.0"
      }
    },
    "node_modules/chloride-test": {
      "version": "1.2.4",
      "license": "MIT",
      "dependencies": {
        "json-buffer": "^2.0.11"
      }
    },
    "node_modules/clarify-error": {
      "version": "1.0.0",
      "license": "MIT",
      "engines": {
        "node": ">=10"
      }
    },
    "node_modules/commander": {
      "version": "2.20.3",
      "license": "MIT"
    },
    "node_modules/cont": {
      "version": "1.0.3",
      "license": "MIT",
      "dependencies": {
        "continuable": "~1.2.0",
        "continuable-para": "~1.2.0",
        "continuable-series": "~1.2.0"
      }
    },
    "node_modules/content-disposition": {
      "version": "0.5.4",
      "license": "MIT",
      "dependencies": {
        "safe-buffer": "5.2.1"
      },
      "engines": {
        "node": ">= 0.6"
      }
    },
    "node_modules/content-type": {
      "version": "1.0.5",
      "license": "MIT",
      "engines": {
        "node": ">= 0.6"
      }
    },
    "node_modules/continuable": {
      "version": "1.2.0"
    },
    "node_modules/continuable-hash": {
      "version": "0.1.4",
      "dependencies": {
        "continuable": "~1.1.6"
      }
    },
    "node_modules/continuable-hash/node_modules/continuable": {
      "version": "1.1.8"
    },
    "node_modules/continuable-list": {
      "version": "0.1.6",
      "dependencies": {
        "continuable": "~1.1.6"
      }
    },
    "node_modules/continuable-list/node_modules/continuable": {
      "version": "1.1.8"
    },
    "node_modules/continuable-para": {
      "version": "1.2.0",
      "license": "MIT",
      "dependencies": {
        "continuable-hash": "~0.1.4",
        "continuable-list": "~0.1.5"
      }
    },
    "node_modules/continuable-series": {
      "version": "1.2.0",
      "license": "MIT"
    },
    "node_modules/cookie": {
      "version": "0.4.1",
      "license": "MIT",
      "engines": {
        "node": ">= 0.6"
      }
    },
    "node_modules/cookie-parser": {
      "version": "1.4.6",
      "license": "MIT",
      "dependencies": {
        "cookie": "0.4.1",
        "cookie-signature": "1.0.6"
      },
      "engines": {
        "node": ">= 0.8.0"
      }
    },
    "node_modules/cookie-signature": {
      "version": "1.0.6",
      "license": "MIT"
    },
    "node_modules/debug": {
      "version": "2.6.9",
      "license": "MIT",
      "dependencies": {
        "ms": "2.0.0"
      }
    },
    "node_modules/deep-extend": {
      "version": "0.6.0",
      "license": "MIT",
      "engines": {
        "node": ">=4.0.0"
      }
    },
    "node_modules/deferred-leveldown": {
      "version": "5.3.0",
      "license": "MIT",
      "dependencies": {
        "abstract-leveldown": "~6.2.1",
        "inherits": "^2.0.3"
      },
      "engines": {
        "node": ">=6"
      }
    },
    "node_modules/deferred-leveldown/node_modules/abstract-leveldown": {
      "version": "6.2.3",
      "license": "MIT",
      "dependencies": {
        "buffer": "^5.5.0",
        "immediate": "^3.2.3",
        "level-concat-iterator": "~2.0.0",
        "level-supports": "~1.0.0",
        "xtend": "~4.0.0"
      },
      "engines": {
        "node": ">=6"
      }
    },
    "node_modules/depd": {
      "version": "2.0.0",
      "license": "MIT",
      "engines": {
        "node": ">= 0.8"
      }
    },
    "node_modules/destroy": {
      "version": "1.2.0",
      "license": "MIT",
      "engines": {
        "node": ">= 0.8",
        "npm": "1.2.8000 || >= 1.4.16"
      }
    },
    "node_modules/discontinuous-range": {
      "version": "1.0.0",
      "license": "MIT"
    },
    "node_modules/ed2curve": {
      "version": "0.1.4",
      "license": "Public domain",
      "dependencies": {
        "tweetnacl": "0.x.x"
      }
    },
    "node_modules/ee-first": {
      "version": "1.1.1",
      "license": "MIT"
    },
    "node_modules/emoji-named-characters": {
      "version": "1.0.2",
      "license": "MIT"
    },
    "node_modules/emoji-server": {
      "version": "1.0.0",
      "license": "MIT",
      "dependencies": {
        "emoji-named-characters": "~1.0.2"
      }
    },
    "node_modules/encodeurl": {
      "version": "1.0.2",
      "license": "MIT",
      "engines": {
        "node": ">= 0.8"
      }
    },
    "node_modules/encoding-down": {
      "version": "6.3.0",
      "license": "MIT",
      "dependencies": {
        "abstract-leveldown": "^6.2.1",
        "inherits": "^2.0.3",
        "level-codec": "^9.0.0",
        "level-errors": "^2.0.0"
      },
      "engines": {
        "node": ">=6"
      }
    },
    "node_modules/encoding-down/node_modules/abstract-leveldown": {
      "version": "6.3.0",
      "license": "MIT",
      "dependencies": {
        "buffer": "^5.5.0",
        "immediate": "^3.2.3",
        "level-concat-iterator": "~2.0.0",
        "level-supports": "~1.0.0",
        "xtend": "~4.0.0"
      },
      "engines": {
        "node": ">=6"
      }
    },
    "node_modules/errno": {
      "version": "0.1.8",
      "license": "MIT",
      "dependencies": {
        "prr": "~1.0.1"
      },
      "bin": {
        "errno": "cli.js"
      }
    },
    "node_modules/escape-html": {
      "version": "1.0.3",
      "license": "MIT"
    },
    "node_modules/etag": {
      "version": "1.8.1",
      "license": "MIT",
      "engines": {
        "node": ">= 0.6"
      }
    },
    "node_modules/explain-error": {
      "version": "1.0.4",
      "license": "MIT"
    },
    "node_modules/express": {
      "version": "4.18.2",
      "license": "MIT",
      "dependencies": {
        "accepts": "~1.3.8",
        "array-flatten": "1.1.1",
        "body-parser": "1.20.1",
        "content-disposition": "0.5.4",
        "content-type": "~1.0.4",
        "cookie": "0.5.0",
        "cookie-signature": "1.0.6",
        "debug": "2.6.9",
        "depd": "2.0.0",
        "encodeurl": "~1.0.2",
        "escape-html": "~1.0.3",
        "etag": "~1.8.1",
        "finalhandler": "1.2.0",
        "fresh": "0.5.2",
        "http-errors": "2.0.0",
        "merge-descriptors": "1.0.1",
        "methods": "~1.1.2",
        "on-finished": "2.4.1",
        "parseurl": "~1.3.3",
        "path-to-regexp": "0.1.7",
        "proxy-addr": "~2.0.7",
        "qs": "6.11.0",
        "range-parser": "~1.2.1",
        "safe-buffer": "5.2.1",
        "send": "0.18.0",
        "serve-static": "1.15.0",
        "setprototypeof": "1.2.0",
        "statuses": "2.0.1",
        "type-is": "~1.6.18",
        "utils-merge": "1.0.1",
        "vary": "~1.1.2"
      },
      "engines": {
        "node": ">= 0.10.0"
      }
    },
    "node_modules/express-session": {
      "version": "1.17.3",
      "license": "MIT",
      "dependencies": {
        "cookie": "0.4.2",
        "cookie-signature": "1.0.6",
        "debug": "2.6.9",
        "depd": "~2.0.0",
        "on-headers": "~1.0.2",
        "parseurl": "~1.3.3",
        "safe-buffer": "5.2.1",
        "uid-safe": "~2.1.5"
      },
      "engines": {
        "node": ">= 0.8.0"
      }
    },
    "node_modules/express-session/node_modules/cookie": {
      "version": "0.4.2",
      "license": "MIT",
      "engines": {
        "node": ">= 0.6"
      }
    },
    "node_modules/express/node_modules/cookie": {
      "version": "0.5.0",
      "license": "MIT",
      "engines": {
        "node": ">= 0.6"
      }
    },
    "node_modules/finalhandler": {
      "version": "1.2.0",
      "license": "MIT",
      "dependencies": {
        "debug": "2.6.9",
        "encodeurl": "~1.0.2",
        "escape-html": "~1.0.3",
        "on-finished": "2.4.1",
        "parseurl": "~1.3.3",
        "statuses": "2.0.1",
        "unpipe": "~1.0.0"
      },
      "engines": {
        "node": ">= 0.8"
      }
    },
    "node_modules/forwarded": {
      "version": "0.2.0",
      "license": "MIT",
      "engines": {
        "node": ">= 0.6"
      }
    },
    "node_modules/fresh": {
      "version": "0.5.2",
      "license": "MIT",
      "engines": {
        "node": ">= 0.6"
      }
    },
    "node_modules/function-bind": {
      "version": "1.1.1",
      "license": "MIT"
    },
    "node_modules/get-intrinsic": {
      "version": "1.2.0",
      "license": "MIT",
      "dependencies": {
        "function-bind": "^1.1.1",
        "has": "^1.0.3",
        "has-symbols": "^1.0.3"
      },
      "funding": {
        "url": "https://github.com/sponsors/ljharb"
      }
    },
    "node_modules/has": {
      "version": "1.0.3",
      "license": "MIT",
      "dependencies": {
        "function-bind": "^1.1.1"
      },
      "engines": {
        "node": ">= 0.4.0"
      }
    },
    "node_modules/has-symbols": {
      "version": "1.0.3",
      "license": "MIT",
      "engines": {
        "node": ">= 0.4"
      },
      "funding": {
        "url": "https://github.com/sponsors/ljharb"
      }
    },
    "node_modules/hoox": {
      "version": "0.0.1",
      "license": "MIT"
    },
    "node_modules/http-errors": {
      "version": "2.0.0",
      "license": "MIT",
      "dependencies": {
        "depd": "2.0.0",
        "inherits": "2.0.4",
        "setprototypeof": "1.2.0",
        "statuses": "2.0.1",
        "toidentifier": "1.0.1"
      },
      "engines": {
        "node": ">= 0.8"
      }
    },
    "node_modules/iconv-lite": {
      "version": "0.4.24",
      "license": "MIT",
      "dependencies": {
        "safer-buffer": ">= 2.1.2 < 3"
      },
      "engines": {
        "node": ">=0.10.0"
      }
    },
    "node_modules/ieee754": {
      "version": "1.2.1",
      "funding": [
        {
          "type": "github",
          "url": "https://github.com/sponsors/feross"
        },
        {
          "type": "patreon",
          "url": "https://www.patreon.com/feross"
        },
        {
          "type": "consulting",
          "url": "https://feross.org/support"
        }
      ],
      "license": "BSD-3-Clause"
    },
    "node_modules/immediate": {
      "version": "3.2.3",
      "license": "MIT"
    },
    "node_modules/increment-buffer": {
      "version": "1.0.1",
      "license": "MIT"
    },
    "node_modules/inherits": {
      "version": "2.0.4",
      "license": "ISC"
    },
    "node_modules/ini": {
      "version": "1.3.8",
      "license": "ISC"
    },
    "node_modules/ip": {
      "version": "1.1.8",
      "license": "MIT"
    },
    "node_modules/ipaddr.js": {
      "version": "1.9.1",
      "license": "MIT",
      "engines": {
        "node": ">= 0.10"
      }
    },
    "node_modules/is-canonical-base64": {
      "version": "1.1.1",
      "license": "MIT"
    },
    "node_modules/is-valid-domain": {
      "version": "0.0.20",
      "license": "MIT",
      "dependencies": {
        "punycode": "^1.4.1"
      }
    },
    "node_modules/json-buffer": {
      "version": "2.0.11",
      "license": "MIT"
    },
    "node_modules/level-codec": {
      "version": "9.0.2",
      "license": "MIT",
      "dependencies": {
        "buffer": "^5.6.0"
      },
      "engines": {
        "node": ">=6"
      }
    },
    "node_modules/level-concat-iterator": {
      "version": "2.0.1",
      "license": "MIT",
      "engines": {
        "node": ">=6"
      }
    },
    "node_modules/level-errors": {
      "version": "2.0.1",
      "license": "MIT",
      "dependencies": {
        "errno": "~0.1.1"
      },
      "engines": {
        "node": ">=6"
      }
    },
    "node_modules/level-iterator-stream": {
      "version": "4.0.2",
      "license": "MIT",
      "dependencies": {
        "inherits": "^2.0.4",
        "readable-stream": "^3.4.0",
        "xtend": "^4.0.2"
      },
      "engines": {
        "node": ">=6"
      }
    },
    "node_modules/level-iterator-stream/node_modules/readable-stream": {
      "version": "3.6.2",
      "license": "MIT",
      "dependencies": {
        "inherits": "^2.0.3",
        "string_decoder": "^1.1.1",
        "util-deprecate": "^1.0.1"
      },
      "engines": {
        "node": ">= 6"
      }
    },
    "node_modules/level-packager": {
      "version": "5.1.1",
      "license": "MIT",
      "dependencies": {
        "encoding-down": "^6.3.0",
        "levelup": "^4.3.2"
      },
      "engines": {
        "node": ">=6"
      }
    },
    "node_modules/level-supports": {
      "version": "1.0.1",
      "license": "MIT",
      "dependencies": {
        "xtend": "^4.0.2"
      },
      "engines": {
        "node": ">=6"
      }
    },
    "node_modules/leveldown": {
      "version": "5.6.0",
      "hasInstallScript": true,
      "license": "MIT",
      "dependencies": {
        "abstract-leveldown": "~6.2.1",
        "napi-macros": "~2.0.0",
        "node-gyp-build": "~4.1.0"
      },
      "engines": {
        "node": ">=8.6.0"
      }
    },
    "node_modules/leveldown/node_modules/abstract-leveldown": {
      "version": "6.2.3",
      "license": "MIT",
      "dependencies": {
        "buffer": "^5.5.0",
        "immediate": "^3.2.3",
        "level-concat-iterator": "~2.0.0",
        "level-supports": "~1.0.0",
        "xtend": "~4.0.0"
      },
      "engines": {
        "node": ">=6"
      }
    },
    "node_modules/leveldown/node_modules/node-gyp-build": {
      "version": "4.1.1",
      "license": "MIT",
      "bin": {
        "node-gyp-build": "bin.js",
        "node-gyp-build-optional": "optional.js",
        "node-gyp-build-test": "build-test.js"
      }
    },
    "node_modules/levelup": {
      "version": "4.4.0",
      "license": "MIT",
      "dependencies": {
        "deferred-leveldown": "~5.3.0",
        "level-errors": "~2.0.0",
        "level-iterator-stream": "~4.0.0",
        "level-supports": "~1.0.0",
        "xtend": "~4.0.0"
      },
      "engines": {
        "node": ">=6"
      }
    },
    "node_modules/libsodium": {
      "version": "0.7.11",
      "license": "ISC"
    },
    "node_modules/libsodium-wrappers": {
      "version": "0.7.11",
      "license": "ISC",
      "dependencies": {
        "libsodium": "^0.7.11"
      }
    },
    "node_modules/lodash.get": {
      "version": "4.4.2",
      "license": "MIT"
    },
    "node_modules/lru-cache": {
      "version": "5.1.1",
      "license": "ISC",
      "dependencies": {
        "yallist": "^3.0.2"
      }
    },
    "node_modules/ltgt": {
      "version": "2.2.1",
      "license": "MIT"
    },
    "node_modules/map-merge": {
      "version": "1.1.0",
      "license": "MIT"
    },
    "node_modules/media-typer": {
      "version": "0.3.0",
      "license": "MIT",
      "engines": {
        "node": ">= 0.6"
      }
    },
    "node_modules/merge-descriptors": {
      "version": "1.0.1",
      "license": "MIT"
    },
    "node_modules/methods": {
      "version": "1.1.2",
      "license": "MIT",
      "engines": {
        "node": ">= 0.6"
      }
    },
    "node_modules/mime": {
      "version": "1.6.0",
      "license": "MIT",
      "bin": {
        "mime": "cli.js"
      },
      "engines": {
        "node": ">=4"
      }
    },
    "node_modules/mime-db": {
      "version": "1.52.0",
      "license": "MIT",
      "engines": {
        "node": ">= 0.6"
      }
    },
    "node_modules/mime-types": {
      "version": "2.1.35",
      "license": "MIT",
      "dependencies": {
        "mime-db": "1.52.0"
      },
      "engines": {
        "node": ">= 0.6"
      }
    },
    "node_modules/minimist": {
      "version": "1.2.8",
      "license": "MIT",
      "funding": {
        "url": "https://github.com/sponsors/ljharb"
      }
    },
    "node_modules/moo": {
      "version": "0.5.2",
      "license": "BSD-3-Clause"
    },
    "node_modules/ms": {
      "version": "2.0.0",
      "license": "MIT"
    },
    "node_modules/multiblob-http": {
      "version": "1.2.1",
      "license": "MIT",
      "dependencies": {
        "pull-many": "^1.0.9",
        "pull-stream": "^3.6.14",
        "range-parser": "^1.2.1",
        "stream-to-pull-stream": "^1.7.3"
      },
      "engines": {
        "node": ">=12"
      }
    },
    "node_modules/multicb": {
      "version": "1.2.2"
    },
    "node_modules/multiserver": {
      "version": "3.8.2",
      "license": "MIT",
      "dependencies": {
        "debug": "^4.1.1",
        "multicb": "^1.2.2",
        "multiserver-scopes": "^2.0.0",
        "pull-stream": "^3.6.1",
        "pull-websocket": "^3.4.0",
        "secret-handshake": "^1.1.16",
        "separator-escape": "0.0.1",
        "socks": "^2.2.3",
        "stream-to-pull-stream": "^1.7.2"
      },
      "engines": {
        "node": ">=12"
      }
    },
    "node_modules/multiserver-address": {
      "version": "1.0.1",
      "license": "MIT",
      "dependencies": {
        "nearley": "^2.15.1"
      }
    },
    "node_modules/multiserver-scopes": {
      "version": "2.0.0",
      "license": "MIT",
      "dependencies": {
        "non-private-ip": "^2.0.0"
      }
    },
    "node_modules/multiserver/node_modules/debug": {
      "version": "4.3.4",
      "license": "MIT",
      "dependencies": {
        "ms": "2.1.2"
      },
      "engines": {
        "node": ">=6.0"
      },
      "peerDependenciesMeta": {
        "supports-color": {
          "optional": true
        }
      }
    },
    "node_modules/multiserver/node_modules/ms": {
      "version": "2.1.2",
      "license": "MIT"
    },
    "node_modules/mustache": {
      "version": "4.2.0",
      "license": "MIT",
      "bin": {
        "mustache": "bin/mustache"
      }
    },
    "node_modules/mustache-express": {
      "version": "1.3.2",
      "license": "MIT",
      "dependencies": {
        "async": "~3.2.0",
        "lru-cache": "~5.1.1",
        "mustache": "^4.2.0"
      },
      "engines": {
        "node": ">= 0.8.0"
      }
    },
    "node_modules/muxrpc": {
      "version": "6.7.3",
      "license": "MIT",
      "dependencies": {
        "clarify-error": "^1.0.0",
        "debug": "^4.3.3",
        "packet-stream": "~2.0.0",
        "packet-stream-codec": "^1.2.0",
        "pull-goodbye": "0.0.3",
        "pull-stream": "^3.6.10"
      }
    },
    "node_modules/muxrpc-validation": {
      "version": "3.0.2",
      "license": "MIT",
      "dependencies": {
        "pull-stream": "^3.6.11",
        "zerr": "^1.0.4"
      }
    },
    "node_modules/muxrpc/node_modules/debug": {
      "version": "4.3.4",
      "license": "MIT",
      "dependencies": {
        "ms": "2.1.2"
      },
      "engines": {
        "node": ">=6.0"
      },
      "peerDependenciesMeta": {
        "supports-color": {
          "optional": true
        }
      }
    },
    "node_modules/muxrpc/node_modules/ms": {
      "version": "2.1.2",
      "license": "MIT"
    },
    "node_modules/napi-macros": {
      "version": "2.0.0",
      "license": "MIT"
    },
    "node_modules/nearley": {
      "version": "2.20.1",
      "license": "MIT",
      "dependencies": {
        "commander": "^2.19.0",
        "moo": "^0.5.0",
        "railroad-diagrams": "^1.0.0",
        "randexp": "0.4.6"
      },
      "bin": {
        "nearley-railroad": "bin/nearley-railroad.js",
        "nearley-test": "bin/nearley-test.js",
        "nearley-unparse": "bin/nearley-unparse.js",
        "nearleyc": "bin/nearleyc.js"
      },
      "funding": {
        "type": "individual",
        "url": "https://nearley.js.org/#give-to-nearley"
      }
    },
    "node_modules/negotiator": {
      "version": "0.6.3",
      "license": "MIT",
      "engines": {
        "node": ">= 0.6"
      }
    },
    "node_modules/node-gyp-build": {
      "version": "4.6.0",
      "license": "MIT",
      "optional": true,
      "bin": {
        "node-gyp-build": "bin.js",
        "node-gyp-build-optional": "optional.js",
        "node-gyp-build-test": "build-test.js"
      }
    },
    "node_modules/non-private-ip": {
      "version": "2.2.0",
      "license": "MIT",
      "dependencies": {
        "ip": "^1.1.5"
      },
      "bin": {
        "non-private-ip": "bin.js"
      }
    },
    "node_modules/object-inspect": {
      "version": "1.12.3",
      "license": "MIT",
      "funding": {
        "url": "https://github.com/sponsors/ljharb"
      }
    },
    "node_modules/on-finished": {
      "version": "2.4.1",
      "license": "MIT",
      "dependencies": {
        "ee-first": "1.1.1"
      },
      "engines": {
        "node": ">= 0.8"
      }
    },
    "node_modules/on-headers": {
      "version": "1.0.2",
      "license": "MIT",
      "engines": {
        "node": ">= 0.8"
      }
    },
    "node_modules/opentype.js": {
      "version": "0.7.3",
      "license": "MIT",
      "dependencies": {
        "tiny-inflate": "^1.0.2"
      },
      "bin": {
        "ot": "bin/ot"
      }
    },
    "node_modules/os-homedir": {
      "version": "1.0.2",
      "license": "MIT",
      "engines": {
        "node": ">=0.10.0"
      }
    },
    "node_modules/packet-stream": {
      "version": "2.0.6",
      "license": "MIT",
      "engines": {
        "node": ">=8"
      }
    },
    "node_modules/packet-stream-codec": {
      "version": "1.2.0",
      "license": "MIT",
      "dependencies": {
        "pull-reader": "^1.3.1",
        "pull-through": "^1.0.18"
      },
      "engines": {
        "node": ">=12"
      }
    },
    "node_modules/parseurl": {
      "version": "1.3.3",
      "license": "MIT",
      "engines": {
        "node": ">= 0.8"
      }
    },
    "node_modules/path-to-regexp": {
      "version": "0.1.7",
      "license": "MIT"
    },
    "node_modules/private-box": {
      "version": "0.3.1",
      "license": "MIT",
      "dependencies": {
        "chloride": "^2.2.9"
      }
    },
    "node_modules/proxy-addr": {
      "version": "2.0.7",
      "license": "MIT",
      "dependencies": {
        "forwarded": "0.2.0",
        "ipaddr.js": "1.9.1"
      },
      "engines": {
        "node": ">= 0.10"
      }
    },
    "node_modules/prr": {
      "version": "1.0.1",
      "license": "MIT"
    },
    "node_modules/pull-abortable": {
      "version": "4.1.1",
      "license": "MIT"
    },
    "node_modules/pull-box-stream": {
      "version": "1.0.13",
      "license": "MIT",
      "dependencies": {
        "chloride": "^2.2.7",
        "increment-buffer": "~1.0.0",
        "pull-reader": "^1.2.5",
        "pull-stream": "^3.2.3",
        "pull-through": "^1.0.18",
        "split-buffer": "~1.0.0"
      }
    },
    "node_modules/pull-cat": {
      "version": "1.1.11",
      "license": "MIT"
    },
    "node_modules/pull-goodbye": {
      "version": "0.0.3",
      "license": "MIT",
      "dependencies": {
        "pull-stream": "^3.6.14"
      }
    },
    "node_modules/pull-handshake": {
      "version": "1.1.4",
      "license": "MIT",
      "dependencies": {
        "pull-cat": "^1.1.9",
        "pull-pair": "~1.1.0",
        "pull-pushable": "^2.0.0",
        "pull-reader": "^1.2.3"
      }
    },
    "node_modules/pull-hash": {
      "version": "1.0.0",
      "license": "Fair"
    },
    "node_modules/pull-inactivity": {
      "version": "2.1.4",
      "license": "MIT",
      "dependencies": {
        "pull-abortable": "^4.1.1",
        "pull-stream": "^3.4.5"
      }
    },
    "node_modules/pull-many": {
      "version": "1.0.9",
      "license": "MIT",
      "dependencies": {
        "pull-stream": "^3.4.5"
      }
    },
    "node_modules/pull-pair": {
      "version": "1.1.0",
      "license": "MIT"
    },
    "node_modules/pull-pushable": {
      "version": "2.2.0",
      "license": "MIT"
    },
    "node_modules/pull-rate": {
      "version": "1.0.2",
      "license": "MIT",
      "dependencies": {
        "pull-stream": "^3.6.0"
      }
    },
    "node_modules/pull-reader": {
      "version": "1.3.1",
      "license": "MIT"
    },
    "node_modules/pull-stream": {
      "version": "3.7.0",
      "license": "MIT"
    },
    "node_modules/pull-through": {
      "version": "1.0.18",
      "license": "MIT",
      "dependencies": {
        "looper": "~3.0.0"
      }
    },
    "node_modules/pull-through/node_modules/looper": {
      "version": "3.0.0",
      "license": "MIT"
    },
    "node_modules/pull-websocket": {
      "version": "3.4.2",
      "license": "ISC",
      "dependencies": {
        "relative-url": "^1.0.2",
        "typedarray-to-buffer": "^4.0.0",
        "ws": "^7.0.0"
      }
    },
    "node_modules/punycode": {
      "version": "1.4.1",
      "license": "MIT"
    },
    "node_modules/qs": {
      "version": "6.11.0",
      "license": "BSD-3-Clause",
      "dependencies": {
        "side-channel": "^1.0.4"
      },
      "engines": {
        "node": ">=0.6"
      },
      "funding": {
        "url": "https://github.com/sponsors/ljharb"
      }
    },
    "node_modules/railroad-diagrams": {
      "version": "1.0.0",
      "license": "CC0-1.0"
    },
    "node_modules/randexp": {
      "version": "0.4.6",
      "license": "MIT",
      "dependencies": {
        "discontinuous-range": "1.0.0",
        "ret": "~0.1.10"
      },
      "engines": {
        "node": ">=0.12"
      }
    },
    "node_modules/random-bytes": {
      "version": "1.0.0",
      "license": "MIT",
      "engines": {
        "node": ">= 0.8"
      }
    },
    "node_modules/range-parser": {
      "version": "1.2.1",
      "license": "MIT",
      "engines": {
        "node": ">= 0.6"
      }
    },
    "node_modules/raw-body": {
      "version": "2.5.1",
      "license": "MIT",
      "dependencies": {
        "bytes": "3.1.2",
        "http-errors": "2.0.0",
        "iconv-lite": "0.4.24",
        "unpipe": "1.0.0"
      },
      "engines": {
        "node": ">= 0.8"
      }
    },
    "node_modules/rc": {
      "version": "1.2.8",
      "license": "(BSD-2-Clause OR MIT OR Apache-2.0)",
      "dependencies": {
        "deep-extend": "^0.6.0",
        "ini": "~1.3.0",
        "minimist": "^1.2.0",
        "strip-json-comments": "~2.0.1"
      },
      "bin": {
        "rc": "cli.js"
      }
    },
    "node_modules/relative-url": {
      "version": "1.0.2",
      "license": "MIT"
    },
    "node_modules/ret": {
      "version": "0.1.15",
      "license": "MIT",
      "engines": {
        "node": ">=0.12"
      }
    },
    "node_modules/safe-buffer": {
      "version": "5.2.1",
      "funding": [
        {
          "type": "github",
          "url": "https://github.com/sponsors/feross"
        },
        {
          "type": "patreon",
          "url": "https://www.patreon.com/feross"
        },
        {
          "type": "consulting",
          "url": "https://feross.org/support"
        }
      ],
      "license": "MIT"
    },
    "node_modules/safer-buffer": {
      "version": "2.1.2",
      "license": "MIT"
    },
    "node_modules/secret-handshake": {
      "version": "1.1.21",
      "license": "MIT",
      "dependencies": {
        "chloride": "^2.2.8",
        "clarify-error": "^1.0.0",
        "pull-box-stream": "^1.0.13",
        "pull-handshake": "^1.1.1",
        "pull-stream": "^3.4.5"
      }
    },
    "node_modules/secret-stack": {
      "version": "6.4.1",
      "license": "MIT",
      "dependencies": {
        "debug": "^4.1.0",
        "hoox": "0.0.1",
        "map-merge": "^1.1.0",
        "multiserver": "^3.1.0",
        "muxrpc": "^6.5.2",
        "pull-inactivity": "~2.1.1",
        "pull-rate": "^1.0.2",
        "pull-stream": "^3.4.5",
        "to-camel-case": "^1.0.0"
      },
      "engines": {
        "node": ">=5.10.0"
      }
    },
    "node_modules/secret-stack/node_modules/debug": {
      "version": "4.3.4",
      "license": "MIT",
      "dependencies": {
        "ms": "2.1.2"
      },
      "engines": {
        "node": ">=6.0"
      },
      "peerDependenciesMeta": {
        "supports-color": {
          "optional": true
        }
      }
    },
    "node_modules/secret-stack/node_modules/ms": {
      "version": "2.1.2",
      "license": "MIT"
    },
    "node_modules/send": {
      "version": "0.18.0",
      "license": "MIT",
      "dependencies": {
        "debug": "2.6.9",
        "depd": "2.0.0",
        "destroy": "1.2.0",
        "encodeurl": "~1.0.2",
        "escape-html": "~1.0.3",
        "etag": "~1.8.1",
        "fresh": "0.5.2",
        "http-errors": "2.0.0",
        "mime": "1.6.0",
        "ms": "2.1.3",
        "on-finished": "2.4.1",
        "range-parser": "~1.2.1",
        "statuses": "2.0.1"
      },
      "engines": {
        "node": ">= 0.8.0"
      }
    },
    "node_modules/send/node_modules/ms": {
      "version": "2.1.3",
      "license": "MIT"
    },
    "node_modules/separator-escape": {
      "version": "0.0.1",
      "license": "MIT"
    },
    "node_modules/serve-static": {
      "version": "1.15.0",
      "license": "MIT",
      "dependencies": {
        "encodeurl": "~1.0.2",
        "escape-html": "~1.0.3",
        "parseurl": "~1.3.3",
        "send": "0.18.0"
      },
      "engines": {
        "node": ">= 0.8.0"
      }
    },
    "node_modules/setprototypeof": {
      "version": "1.2.0",
      "license": "ISC"
    },
    "node_modules/sha.js": {
      "version": "2.4.5",
      "license": "MIT",
      "dependencies": {
        "inherits": "^2.0.1"
      },
      "bin": {
        "sha.js": "bin.js"
      }
    },
    "node_modules/side-channel": {
      "version": "1.0.4",
      "license": "MIT",
      "dependencies": {
        "call-bind": "^1.0.0",
        "get-intrinsic": "^1.0.2",
        "object-inspect": "^1.9.0"
      },
      "funding": {
        "url": "https://github.com/sponsors/ljharb"
      }
    },
    "node_modules/smart-buffer": {
      "version": "4.2.0",
      "license": "MIT",
      "engines": {
        "node": ">= 6.0.0",
        "npm": ">= 3.0.0"
      }
    },
    "node_modules/socks": {
      "version": "2.7.1",
      "license": "MIT",
      "dependencies": {
        "ip": "^2.0.0",
        "smart-buffer": "^4.2.0"
      },
      "engines": {
        "node": ">= 10.13.0",
        "npm": ">= 3.0.0"
      }
    },
    "node_modules/socks/node_modules/ip": {
      "version": "2.0.0",
      "license": "MIT"
    },
    "node_modules/sodium-browserify": {
      "version": "1.3.0",
      "license": "MIT",
      "dependencies": {
        "libsodium-wrappers": "^0.7.4",
        "sha.js": "2.4.5",
        "sodium-browserify-tweetnacl": "^0.2.5",
        "tweetnacl": "^0.14.1"
      }
    },
    "node_modules/sodium-browserify-tweetnacl": {
      "version": "0.2.6",
      "license": "MIT",
      "dependencies": {
        "chloride-test": "^1.1.0",
        "ed2curve": "^0.1.4",
        "sha.js": "^2.4.8",
        "tweetnacl": "^1.0.1",
        "tweetnacl-auth": "^0.3.0"
      }
    },
    "node_modules/sodium-browserify-tweetnacl/node_modules/sha.js": {
      "version": "2.4.11",
      "license": "(MIT AND BSD-3-Clause)",
      "dependencies": {
        "inherits": "^2.0.1",
        "safe-buffer": "^5.0.1"
      },
      "bin": {
        "sha.js": "bin.js"
      }
    },
    "node_modules/sodium-browserify-tweetnacl/node_modules/tweetnacl": {
      "version": "1.0.3",
      "license": "Unlicense"
    },
    "node_modules/sodium-chloride": {
      "version": "1.1.2",
      "license": "MIT"
    },
    "node_modules/sodium-native": {
      "version": "3.4.1",
      "hasInstallScript": true,
      "license": "MIT",
      "optional": true,
      "dependencies": {
        "node-gyp-build": "^4.3.0"
      }
    },
    "node_modules/split-buffer": {
      "version": "1.0.0",
      "license": "MIT"
    },
    "node_modules/ssb-caps": {
      "version": "1.1.0",
      "license": "CC0-1.0"
    },
    "node_modules/ssb-client": {
      "version": "4.9.0",
      "license": "MIT",
      "dependencies": {
        "explain-error": "^1.0.1",
        "multicb": "^1.2.1",
        "multiserver": "^3.1.2",
        "muxrpc": "^6.5.0",
        "pull-hash": "^1.0.0",
        "pull-stream": "^3.6.0",
        "ssb-config": "^3.4.4",
        "ssb-keys": "^7.2.1"
      }
    },
    "node_modules/ssb-config": {
      "version": "3.4.6",
      "license": "MIT",
      "dependencies": {
        "deep-extend": "^0.6.0",
        "ip": "^1.1.5",
        "lodash.get": "^4.4.2",
        "os-homedir": "^1.0.1",
        "rc": "^1.1.6",
        "ssb-caps": "^1.0.1",
        "ssb-keys": "^8.2.0"
      }
    },
    "node_modules/ssb-config/node_modules/mkdirp": {
      "version": "0.5.6",
      "license": "MIT",
      "dependencies": {
        "minimist": "^1.2.6"
      },
      "bin": {
        "mkdirp": "bin/cmd.js"
      }
    },
    "node_modules/ssb-config/node_modules/ssb-keys": {
      "version": "8.5.0",
      "license": "MIT",
      "dependencies": {
        "chloride": "~2.4.1",
        "mkdirp": "~0.5.0",
        "private-box": "~0.3.0",
        "ssb-uri2": "^2.1.0"
      },
      "engines": {
        "node": ">=5.10.0"
      }
    },
    "node_modules/ssb-invite": {
      "version": "3.0.1",
      "resolved": "https://registry.npmjs.org/ssb-invite/-/ssb-invite-3.0.1.tgz",
      "integrity": "sha512-6ZF1C7YaL9hdSoKsBZa/N05iZai0zeJ9J7x9rxidA7JwAnbK3ThEbPyxLQuJtilMIWivPgjIzHMthwjzcB9/kA==",
      "dependencies": {
        "cont": "^1.0.3",
        "explain-error": "^1.0.4",
        "ip": "^1.1.8",
        "level": "^6.0.1",
        "muxrpc-validation": "^3.0.2",
        "ssb-client": "^4.9.0",
        "ssb-keys": "^7.2.2",
        "ssb-ref": "^2.14.0"
      }
    },
    "node_modules/ssb-invite/node_modules/abstract-leveldown": {
      "version": "6.2.3",
      "license": "MIT",
      "dependencies": {
        "buffer": "^5.5.0",
        "immediate": "^3.2.3",
        "level-concat-iterator": "~2.0.0",
        "level-supports": "~1.0.0",
        "xtend": "~4.0.0"
      },
      "engines": {
        "node": ">=6"
      }
    },
    "node_modules/ssb-invite/node_modules/level": {
      "version": "6.0.1",
      "license": "MIT",
      "dependencies": {
        "level-js": "^5.0.0",
        "level-packager": "^5.1.0",
        "leveldown": "^5.4.0"
      },
      "engines": {
        "node": ">=8.6.0"
      },
      "funding": {
        "type": "opencollective",
        "url": "https://opencollective.com/level"
      }
    },
    "node_modules/ssb-invite/node_modules/level-js": {
      "version": "5.0.2",
      "license": "MIT",
      "dependencies": {
        "abstract-leveldown": "~6.2.3",
        "buffer": "^5.5.0",
        "inherits": "^2.0.3",
        "ltgt": "^2.1.2"
      }
    },
    "node_modules/ssb-keys": {
      "version": "7.2.2",
      "license": "MIT",
      "dependencies": {
        "chloride": "^2.2.8",
        "mkdirp": "~0.5.0",
        "private-box": "^0.3.0"
      }
    },
    "node_modules/ssb-keys/node_modules/mkdirp": {
      "version": "0.5.6",
      "license": "MIT",
      "dependencies": {
        "minimist": "^1.2.6"
      },
      "bin": {
        "mkdirp": "bin/cmd.js"
      }
    },
    "node_modules/ssb-logging": {
      "version": "1.0.0",
      "license": "MIT",
      "dependencies": {
        "bash-color": "0.0.4"
      }
    },
    "node_modules/ssb-master": {
      "version": "1.0.3",
      "license": "MIT"
    },
    "node_modules/ssb-private1": {
      "version": "1.0.1",
      "license": "MIT",
      "dependencies": {
        "ssb-keys": "^7.2.2",
        "ssb-ref": "^2.13.9"
      }
    },
    "node_modules/ssb-ref": {
      "version": "2.16.0",
      "license": "MIT",
      "dependencies": {
        "ip": "^1.1.3",
        "is-canonical-base64": "^1.1.1",
        "is-valid-domain": "~0.0.1",
        "multiserver-address": "^1.0.1"
      }
    },
    "node_modules/ssb-typescript": {
      "version": "2.8.0",
      "license": "MIT"
    },
    "node_modules/ssb-uri2": {
      "version": "2.4.1",
      "license": "LGPL-3.0",
      "dependencies": {
        "ssb-typescript": "^2.5.0"
      },
      "engines": {
        "node": ">=10"
      }
    },
    "node_modules/ssb-ws": {
      "version": "6.2.3",
      "license": "MIT",
      "dependencies": {
        "emoji-server": "^1.0.0",
        "multiblob-http": "^1.0.0",
        "multiserver": "^3.0.2",
        "pull-box-stream": "^1.0.13",
        "pull-stream": "^3.6.9",
        "ssb-ref": "^2.3.0",
        "stack": "^0.1.0"
      }
    },
    "node_modules/stack": {
      "version": "0.1.0",
      "engines": [
        "node >= 0.2.0"
      ]
    },
    "node_modules/statuses": {
      "version": "2.0.1",
      "license": "MIT",
      "engines": {
        "node": ">= 0.8"
      }
    },
    "node_modules/stream-to-pull-stream": {
      "version": "1.7.3",
      "resolved": "https://registry.npmjs.org/stream-to-pull-stream/-/stream-to-pull-stream-1.7.3.tgz",
      "integrity": "sha512-6sNyqJpr5dIOQdgNy/xcDWwDuzAsAwVzhzrWlAPAQ7Lkjx/rv0wgvxEyKwTq6FmNd5rjTrELt/CLmaSw7crMGg==",
      "dependencies": {
        "looper": "^3.0.0",
        "pull-stream": "^3.2.3"
      }
    },
    "node_modules/stream-to-pull-stream/node_modules/looper": {
      "version": "3.0.0",
      "license": "MIT"
    },
    "node_modules/string_decoder": {
      "version": "1.1.1",
      "license": "MIT",
      "dependencies": {
        "safe-buffer": "~5.1.0"
      }
    },
    "node_modules/string_decoder/node_modules/safe-buffer": {
      "version": "5.1.2",
      "license": "MIT"
    },
    "node_modules/strip-json-comments": {
      "version": "2.0.1",
      "license": "MIT",
      "engines": {
        "node": ">=0.10.0"
      }
    },
    "node_modules/svg-captcha": {
      "version": "1.4.0",
      "license": "MIT",
      "dependencies": {
        "opentype.js": "^0.7.3"
      },
      "engines": {
        "node": ">=4.x"
      }
    },
    "node_modules/tiny-inflate": {
      "version": "1.0.3",
      "license": "MIT"
    },
    "node_modules/to-camel-case": {
      "version": "1.0.0",
      "license": "MIT",
      "dependencies": {
        "to-space-case": "^1.0.0"
      }
    },
    "node_modules/to-no-case": {
      "version": "1.0.2",
      "license": "MIT"
    },
    "node_modules/to-space-case": {
      "version": "1.0.0",
      "license": "MIT",
      "dependencies": {
        "to-no-case": "^1.0.0"
      }
    },
    "node_modules/toidentifier": {
      "version": "1.0.1",
      "license": "MIT",
      "engines": {
        "node": ">=0.6"
      }
    },
    "node_modules/tweetnacl": {
      "version": "0.14.5",
      "license": "Unlicense"
    },
    "node_modules/tweetnacl-auth": {
      "version": "0.3.1",
      "license": "Unlicense",
      "dependencies": {
        "tweetnacl": "0.x.x"
      }
    },
    "node_modules/type-is": {
      "version": "1.6.18",
      "license": "MIT",
      "dependencies": {
        "media-typer": "0.3.0",
        "mime-types": "~2.1.24"
      },
      "engines": {
        "node": ">= 0.6"
      }
    },
    "node_modules/typedarray-to-buffer": {
      "version": "4.0.0",
      "funding": [
        {
          "type": "github",
          "url": "https://github.com/sponsors/feross"
        },
        {
          "type": "patreon",
          "url": "https://www.patreon.com/feross"
        },
        {
          "type": "consulting",
          "url": "https://feross.org/support"
        }
      ],
      "license": "MIT"
    },
    "node_modules/typescript": {
      "version": "4.9.5",
      "dev": true,
      "license": "Apache-2.0",
      "bin": {
        "tsc": "bin/tsc",
        "tsserver": "bin/tsserver"
      },
      "engines": {
        "node": ">=4.2.0"
      }
    },
    "node_modules/uid-safe": {
      "version": "2.1.5",
      "license": "MIT",
      "dependencies": {
        "random-bytes": "~1.0.0"
      },
      "engines": {
        "node": ">= 0.8"
      }
    },
    "node_modules/unpipe": {
      "version": "1.0.0",
      "license": "MIT",
      "engines": {
        "node": ">= 0.8"
      }
    },
    "node_modules/util-deprecate": {
      "version": "1.0.2",
      "license": "MIT"
    },
    "node_modules/utils-merge": {
      "version": "1.0.1",
      "license": "MIT",
      "engines": {
        "node": ">= 0.4.0"
      }
    },
    "node_modules/vary": {
      "version": "1.1.2",
      "license": "MIT",
      "engines": {
        "node": ">= 0.8"
      }
    },
    "node_modules/ws": {
      "version": "7.5.9",
      "license": "MIT",
      "engines": {
        "node": ">=8.3.0"
      },
      "peerDependencies": {
        "bufferutil": "^4.0.1",
        "utf-8-validate": "^5.0.2"
      },
      "peerDependenciesMeta": {
        "bufferutil": {
          "optional": true
        },
        "utf-8-validate": {
          "optional": true
        }
      }
    },
    "node_modules/xtend": {
      "version": "4.0.2",
      "license": "MIT",
      "engines": {
        "node": ">=0.4"
      }
    },
    "node_modules/yallist": {
      "version": "3.1.1",
      "license": "ISC"
    },
    "node_modules/zerr": {
      "version": "1.0.4",
      "license": "MIT"
    }
  }
}
